github.com/alecthomas/assert v0.0.0-20170929043011-405dbfeb8e38 h1:smF2tmSOzy2Mm+0dGI2AIUHY+w0BUc+4tn40djz7+6U=
github.com/alecthomas/assert v0.0.0-20170929043011-405dbfeb8e38/go.mod h1:r7bzyVFMNntcxPZXK3/+KdruV1H5KSlyVY0gc+NgInI=
github.com/alecthomas/chroma v0.5.0 h1:PI0RlRSWL+8GSMuIMMA5KIND4CeJ5KXUQA60LLp/SjA=
github.com/alecthomas/chroma v0.5.0/go.mod h1:MmozekIi2rfQSzDcdEZ2BoJ9Pxs/7uc2Y4Boh+hIeZo=
github.com/alecthomas/colour v0.0.0-20160524082231-60882d9e2721 h1:JHZL0hZKJ1VENNfmXvHbgYlbUOvpzYzvy2aZU5gXVeo=
github.com/alecthomas/colour v0.0.0-20160524082231-60882d9e2721/go.mod h1:QO9JBoKquHd+jz9nshCh40fOfO+JzsoXy8qTHF68zU0=
github.com/alecthomas/repr v0.0.0-20180724025338-ead21651dde3 h1:YCHb0gZtaUXQX+TXoaDSncYLaWgCvsaJvDh2HB+XTIA=
github.com/alecthomas/repr v0.0.0-20180724025338-ead21651dde3/go.mod h1:xTS7Pm1pD1mvyM075QCDSRqH6qRLXylzS24ZTpRiSzQ=
github.com/danwakefield/fnmatch v0.0.0-20160403171240-cbb64ac3d964 h1:y5HC9v93H5EPKqaS1UYVg1uYah5Xf51mBfIoWehClUQ=
github.com/danwakefield/fnmatch v0.0.0-20160403171240-cbb64ac3d964/go.mod h1:Xd9hchkHSWYkEqJwUGisez3G1QY8Ryz0sdWrLPMGjLk=
github.com/davecgh/go-spew v1.1.0 h1:ZDRjVQ15GmhC3fiQ8ni8+OwkZQO4DARzQgrnXU1Liz8=
github.com/davecgh/go-spew v1.1.0/go.mod h1:J7Y8YcW2NihsgmVo/mv3lAwl/skON4iLHjSsI+c5H38=
github.com/dlclark/regexp2 v1.1.6 h1:CqB4MjHw0MFCDj+PHHjiESmHX+N7t0tJzKvC6M97BRg=
github.com/dlclark/regexp2 v1.1.6/go.mod h1:2pZnwuY/m+8K6iRw6wQdMtk+rH5tNGR1i55kozfMjCc=
github.com/elazarl/go-bindata-assetfs v0.0.0-20180223160309-38087fe4dafb h1:VdmaO6xVzif1n49tUs4s1xY53DwKVN6zH7+gmbAWm8A=
github.com/elazarl/go-bindata-assetfs v0.0.0-20180223160309-38087fe4dafb/go.mod h1:v+YaWX3bdea5J/mo8dSETolEo7R71Vk1u8bnjau5yw4=
github.com/jteeuwen/go-bindata v0.0.0-20180305030458-6025e8de665b h1:owLjVVC422i2z+fP03yZ5erukr2OMqQy/gdW8J1qP9w=
github.com/jteeuwen/go-bindata v0.0.0-20180305030458-6025e8de665b/go.mod h1:JVvhzYOiGBnFSYRyV00iY8q7/0PThjIYav1p9h5dmKs=
github.com/jteeuwen/go-bindata v3.0.7+incompatible h1:91Uy4d9SYVr1kyTJ15wJsog+esAZZl7JmEfTkwmhJts=
github.com/jteeuwen/go-bindata v3.0.7+incompatible/go.mod h1:JVvhzYOiGBnFSYRyV00iY8q7/0PThjIYav1p9h5dmKs=
github.com/mattn/go-isatty v0.0.3 h1:ns/ykhmWi7G9O+8a448SecJU3nSMBXJfqQkl0upE1jI=
github.com/mattn/go-isatty v0.0.3/go.mod h1:M+lRXTBqGeGNdLjl/ufCoiOlB5xdOkqRJdNxMWT7Zi4=
github.com/pmezard/go-difflib v1.0.0 h1:4DBwDE0NGyQoBHbLQYPwSUPoCMWR5BEzIk/f1lZbAQM=
github.com/pmezard/go-difflib v1.0.0/go.mod h1:iKH77koFhYxTK1pcRnkKkqfTogsbg7gZNVY4sRDYZ/4=
github.com/sergi/go-diff v1.0.0 h1:Kpca3qRNrduNnOQeazBd0ysaKrUJiIuISHxogkT9RPQ=
github.com/sergi/go-diff v1.0.0/go.mod h1:0CfEIISq7TuYL3j771MWULgwwjU+GofnZX9QAmXWZgo=
github.com/sourcegraph/go-langserver v1.0.0 h1:fy1vrT1KGfdOaj7/XKO7ULGO/JdMOiuQ1JfUWIqCpYE=
github.com/sourcegraph/go-langserver v1.0.0/go.mod h1:bBMjfpzEHd6ijPRoQ7f+knFfw+e8R+W158/MsqAy77c=
github.com/sourcegraph/go-langserver v1.0.1-0.20180807144045-bf90fac03a4d h1:zsaj6xWAxehRMakiW7FuugfVGJ389vJVik393wQtKyw=
github.com/sourcegraph/go-langserver v1.0.1-0.20180807144045-bf90fac03a4d/go.mod h1:bBMjfpzEHd6ijPRoQ7f+knFfw+e8R+W158/MsqAy77c=
github.com/sourcegraph/jsonrpc2 v0.0.0-20180501180217-a3d86c792f0f h1:mHcjtPCPBj4hKeRIwIU/R+Tn6TEBvDZPQnhOquzzAgA=
github.com/sourcegraph/jsonrpc2 v0.0.0-20180501180217-a3d86c792f0f/go.mod h1:eESpbCslcLDs8j2D7IEdGVgul7xuk9odqDTaor30IUU=
github.com/stretchr/testify v1.2.2 h1:bSDNvY7ZPG5RlJ8otE/7V6gMiyenm9RtJ7IUVIAoJ1w=
github.com/stretchr/testify v1.2.2/go.mod h1:a8OnRcib4nhh0OaRAV+Yts87kKdq0PP7pXfy6kDkUVs=
golang.org/x/sys v0.0.0-20180807162357-acbc56fc7007 h1:UnHxDq9ldm4vol94wlSWDF3SU4IyC8IWVWtg266CzoY=
golang.org/x/sys v0.0.0-20180807162357-acbc56fc7007/go.mod h1:STP8DvDyc/dI5b8T5hshtkjS+E42TnysNCUPdjciGhY=
